<?xml version="1.0" encoding="utf-8"?>
<Project ToolsVersion="4.0" xmlns="http://schemas.microsoft.com/developer/msbuild/2003">
  <ItemGroup>
    <Filter Include="Sourcefiles">
      <UniqueIdentifier>{4FC737F1-C7A5-4376-A066-2A32D752A2FF}</UniqueIdentifier>
      <Extensions>cpp;c;cc;cxx;def;odl;idl;hpj;bat;asm;asmx</Extensions>
    </Filter>
    <Filter Include="Sourcefiles\SQF">
      <UniqueIdentifier>{bc21916e-571d-4afb-9941-737e81575cdb}</UniqueIdentifier>
    </Filter>
    <Filter Include="Sourcefiles\RemoteCall">
      <UniqueIdentifier>{3046fd70-266e-4513-a4ba-a86809ebd3c7}</UniqueIdentifier>
    </Filter>
  </ItemGroup>
  <ItemGroup>
    <Text Include="ReadMe.txt" />
  </ItemGroup>
  <ItemGroup>
    <ClCompile Include="rc_test.cpp">
      <Filter>Sourcefiles</Filter>
    </ClCompile>
    <ClCompile Include="..\remote_call\RemoteCall\SQF.cpp">
      <Filter>Sourcefiles\SQF</Filter>
    </ClCompile>
    <ClCompile Include="..\remote_call\RemoteCall\Server.cpp">
      <Filter>Sourcefiles\RemoteCall</Filter>
    </ClCompile>
    <ClCompile Include="..\remote_call\RemoteCall\Packet.cpp">
      <Filter>Sourcefiles\RemoteCall</Filter>
    </ClCompile>
  </ItemGroup>
  <ItemGroup>
    <ClInclude Include="..\remote_call\RemoteCall\SQF.hpp">
      <Filter>Sourcefiles\SQF</Filter>
    </ClInclude>
    <ClInclude Include="..\remote_call\RemoteCall\Server.hpp">
      <Filter>Sourcefiles\RemoteCall</Filter>
    </ClInclude>
    <ClInclude Include="..\remote_call\RemoteCall\Packet.hpp">
      <Filter>Sourcefiles\RemoteCall</Filter>
    </ClInclude>
  </ItemGroup>
</Project>